// !$*UTF8*$!
{
	archiveVersion = 1;
	classes = {
	};
	objectVersion = 46;
	objects = {

/* Begin PBXBuildFile section */
		5240646E1FA3BA7F00B748DB /* AppDelegate.swift in Sources */ = {isa = PBXBuildFile; fileRef = 5240646D1FA3BA7F00B748DB /* AppDelegate.swift */; };
		524064731FA3BA7F00B748DB /* Main.storyboard in Resources */ = {isa = PBXBuildFile; fileRef = 524064711FA3BA7F00B748DB /* Main.storyboard */; };
		524064751FA3BA7F00B748DB /* Assets.xcassets in Resources */ = {isa = PBXBuildFile; fileRef = 524064741FA3BA7F00B748DB /* Assets.xcassets */; };
		524064781FA3BA7F00B748DB /* LaunchScreen.storyboard in Resources */ = {isa = PBXBuildFile; fileRef = 524064761FA3BA7F00B748DB /* LaunchScreen.storyboard */; };
		524064851FA3BDFC00B748DB /* AlamofireImage.framework in Frameworks */ = {isa = PBXBuildFile; fileRef = 524064821FA3BDFC00B748DB /* AlamofireImage.framework */; };
		524064861FA3BDFC00B748DB /* SwiftyJSON.framework in Frameworks */ = {isa = PBXBuildFile; fileRef = 524064831FA3BDFC00B748DB /* SwiftyJSON.framework */; };
		524064871FA3BE0900B748DB /* Alamofire.framework in Frameworks */ = {isa = PBXBuildFile; fileRef = 524064811FA3BDFC00B748DB /* Alamofire.framework */; };
		524064881FA3BE0900B748DB /* Alamofire.framework in Embed Frameworks */ = {isa = PBXBuildFile; fileRef = 524064811FA3BDFC00B748DB /* Alamofire.framework */; settings = {ATTRIBUTES = (CodeSignOnCopy, RemoveHeadersOnCopy, ); }; };
		5240648A1FA3BE0900B748DB /* AlamofireImage.framework in Embed Frameworks */ = {isa = PBXBuildFile; fileRef = 524064821FA3BDFC00B748DB /* AlamofireImage.framework */; settings = {ATTRIBUTES = (CodeSignOnCopy, RemoveHeadersOnCopy, ); }; };
		5240648C1FA3BE0900B748DB /* SwiftyJSON.framework in Embed Frameworks */ = {isa = PBXBuildFile; fileRef = 524064831FA3BDFC00B748DB /* SwiftyJSON.framework */; settings = {ATTRIBUTES = (CodeSignOnCopy, RemoveHeadersOnCopy, ); }; };
		5240648F1FA3C48B00B748DB /* RestoListItemCell.swift in Sources */ = {isa = PBXBuildFile; fileRef = 5240648E1FA3C48B00B748DB /* RestoListItemCell.swift */; };
		524064911FA3C55900B748DB /* RestoListViewController.swift in Sources */ = {isa = PBXBuildFile; fileRef = 524064901FA3C55900B748DB /* RestoListViewController.swift */; };
		5240649A1FA3CC4E00B748DB /* RestaurantModel.swift in Sources */ = {isa = PBXBuildFile; fileRef = 524064991FA3CC4E00B748DB /* RestaurantModel.swift */; };
		5240649C1FA4EF0A00B748DB /* RestaurantDetailCell.swift in Sources */ = {isa = PBXBuildFile; fileRef = 5240649B1FA4EF0A00B748DB /* RestaurantDetailCell.swift */; };
		5240649E1FA4EFEB00B748DB /* RestaurantDetailViewController.swift in Sources */ = {isa = PBXBuildFile; fileRef = 5240649D1FA4EFEB00B748DB /* RestaurantDetailViewController.swift */; };
		526FCED11FAE225A0092D0FE /* MapKit.framework in Frameworks */ = {isa = PBXBuildFile; fileRef = 526FCED01FAE225A0092D0FE /* MapKit.framework */; };
		526FCED31FAF07200092D0FE /* MapViewController.swift in Sources */ = {isa = PBXBuildFile; fileRef = 526FCED21FAF07200092D0FE /* MapViewController.swift */; };
		526FCED51FAF1F6D0092D0FE /* AddRestaurantTableViewController.swift in Sources */ = {isa = PBXBuildFile; fileRef = 526FCED41FAF1F6D0092D0FE /* AddRestaurantTableViewController.swift */; };
		52E4C5C31FADAB17007641CE /* ReviewViewController.swift in Sources */ = {isa = PBXBuildFile; fileRef = 52E4C5C21FADAB17007641CE /* ReviewViewController.swift */; };
/* End PBXBuildFile section */

/* Begin PBXCopyFilesBuildPhase section */
		5240648D1FA3BE0900B748DB /* Embed Frameworks */ = {
			isa = PBXCopyFilesBuildPhase;
			buildActionMask = 2147483647;
			dstPath = "";
			dstSubfolderSpec = 10;
			files = (
				524064881FA3BE0900B748DB /* Alamofire.framework in Embed Frameworks */,
				5240648A1FA3BE0900B748DB /* AlamofireImage.framework in Embed Frameworks */,
				5240648C1FA3BE0900B748DB /* SwiftyJSON.framework in Embed Frameworks */,
			);
			name = "Embed Frameworks";
			runOnlyForDeploymentPostprocessing = 0;
		};
/* End PBXCopyFilesBuildPhase section */

/* Begin PBXFileReference section */
		5240646A1FA3BA7F00B748DB /* MealTime.app */ = {isa = PBXFileReference; explicitFileType = wrapper.application; includeInIndex = 0; path = MealTime.app; sourceTree = BUILT_PRODUCTS_DIR; };
		5240646D1FA3BA7F00B748DB /* AppDelegate.swift */ = {isa = PBXFileReference; lastKnownFileType = sourcecode.swift; path = AppDelegate.swift; sourceTree = "<group>"; };
		524064721FA3BA7F00B748DB /* Base */ = {isa = PBXFileReference; lastKnownFileType = file.storyboard; name = Base; path = Base.lproj/Main.storyboard; sourceTree = "<group>"; };
		524064741FA3BA7F00B748DB /* Assets.xcassets */ = {isa = PBXFileReference; lastKnownFileType = folder.assetcatalog; path = Assets.xcassets; sourceTree = "<group>"; };
		524064771FA3BA7F00B748DB /* Base */ = {isa = PBXFileReference; lastKnownFileType = file.storyboard; name = Base; path = Base.lproj/LaunchScreen.storyboard; sourceTree = "<group>"; };
		524064791FA3BA7F00B748DB /* Info.plist */ = {isa = PBXFileReference; lastKnownFileType = text.plist.xml; path = Info.plist; sourceTree = "<group>"; };
		524064811FA3BDFC00B748DB /* Alamofire.framework */ = {isa = PBXFileReference; lastKnownFileType = wrapper.framework; name = Alamofire.framework; path = Carthage/Build/iOS/Alamofire.framework; sourceTree = "<group>"; };
		524064821FA3BDFC00B748DB /* AlamofireImage.framework */ = {isa = PBXFileReference; lastKnownFileType = wrapper.framework; name = AlamofireImage.framework; path = Carthage/Build/iOS/AlamofireImage.framework; sourceTree = "<group>"; };
		524064831FA3BDFC00B748DB /* SwiftyJSON.framework */ = {isa = PBXFileReference; lastKnownFileType = wrapper.framework; name = SwiftyJSON.framework; path = Carthage/Build/iOS/SwiftyJSON.framework; sourceTree = "<group>"; };
		5240648E1FA3C48B00B748DB /* RestoListItemCell.swift */ = {isa = PBXFileReference; fileEncoding = 4; lastKnownFileType = sourcecode.swift; path = RestoListItemCell.swift; sourceTree = "<group>"; };
		524064901FA3C55900B748DB /* RestoListViewController.swift */ = {isa = PBXFileReference; fileEncoding = 4; lastKnownFileType = sourcecode.swift; path = RestoListViewController.swift; sourceTree = "<group>"; };
		524064991FA3CC4E00B748DB /* RestaurantModel.swift */ = {isa = PBXFileReference; fileEncoding = 4; lastKnownFileType = sourcecode.swift; path = RestaurantModel.swift; sourceTree = "<group>"; };
		5240649B1FA4EF0A00B748DB /* RestaurantDetailCell.swift */ = {isa = PBXFileReference; fileEncoding = 4; lastKnownFileType = sourcecode.swift; path = RestaurantDetailCell.swift; sourceTree = "<group>"; };
		5240649D1FA4EFEB00B748DB /* RestaurantDetailViewController.swift */ = {isa = PBXFileReference; fileEncoding = 4; lastKnownFileType = sourcecode.swift; path = RestaurantDetailViewController.swift; sourceTree = "<group>"; };
		526FCED01FAE225A0092D0FE /* MapKit.framework */ = {isa = PBXFileReference; lastKnownFileType = wrapper.framework; name = MapKit.framework; path = System/Library/Frameworks/MapKit.framework; sourceTree = SDKROOT; };
		526FCED21FAF07200092D0FE /* MapViewController.swift */ = {isa = PBXFileReference; fileEncoding = 4; lastKnownFileType = sourcecode.swift; path = MapViewController.swift; sourceTree = "<group>"; };
		526FCED41FAF1F6D0092D0FE /* AddRestaurantTableViewController.swift */ = {isa = PBXFileReference; fileEncoding = 4; lastKnownFileType = sourcecode.swift; path = AddRestaurantTableViewController.swift; sourceTree = "<group>"; };
		52E4C5C21FADAB17007641CE /* ReviewViewController.swift */ = {isa = PBXFileReference; fileEncoding = 4; lastKnownFileType = sourcecode.swift; path = ReviewViewController.swift; sourceTree = "<group>"; };
/* End PBXFileReference section */

/* Begin PBXFrameworksBuildPhase section */
		524064671FA3BA7F00B748DB /* Frameworks */ = {
			isa = PBXFrameworksBuildPhase;
			buildActionMask = 2147483647;
			files = (
				524064851FA3BDFC00B748DB /* AlamofireImage.framework in Frameworks */,
				524064861FA3BDFC00B748DB /* SwiftyJSON.framework in Frameworks */,
				526FCED11FAE225A0092D0FE /* MapKit.framework in Frameworks */,
				524064871FA3BE0900B748DB /* Alamofire.framework in Frameworks */,
			);
			runOnlyForDeploymentPostprocessing = 0;
		};
/* End PBXFrameworksBuildPhase section */

/* Begin PBXGroup section */
		524064611FA3BA7F00B748DB = {
			isa = PBXGroup;
			children = (
				5240646C1FA3BA7F00B748DB /* MealTime */,
				524064711FA3BA7F00B748DB /* Main.storyboard */,
				5240646B1FA3BA7F00B748DB /* Products */,
				524064801FA3BDFB00B748DB /* Frameworks */,
			);
			sourceTree = "<group>";
		};
		5240646B1FA3BA7F00B748DB /* Products */ = {
			isa = PBXGroup;
			children = (
				5240646A1FA3BA7F00B748DB /* MealTime.app */,
			);
			name = Products;
			sourceTree = "<group>";
		};
		5240646C1FA3BA7F00B748DB /* MealTime */ = {
			isa = PBXGroup;
			children = (
				524064961FA3CBE700B748DB /* Model */,
				524064981FA3CC1900B748DB /* View */,
				524064971FA3CBEE00B748DB /* Controller */,
				524064951FA3CBDA00B748DB /* TableViewCells */,
				5240647F1FA3BA8F00B748DB /* Supporting Files */,
			);
			path = MealTime;
			sourceTree = "<group>";
		};
		5240647F1FA3BA8F00B748DB /* Supporting Files */ = {
			isa = PBXGroup;
			children = (
				5240646D1FA3BA7F00B748DB /* AppDelegate.swift */,
				524064741FA3BA7F00B748DB /* Assets.xcassets */,
				524064761FA3BA7F00B748DB /* LaunchScreen.storyboard */,
				524064791FA3BA7F00B748DB /* Info.plist */,
			);
			name = "Supporting Files";
			sourceTree = "<group>";
		};
		524064801FA3BDFB00B748DB /* Frameworks */ = {
			isa = PBXGroup;
			children = (
				526FCED01FAE225A0092D0FE /* MapKit.framework */,
				524064811FA3BDFC00B748DB /* Alamofire.framework */,
				524064821FA3BDFC00B748DB /* AlamofireImage.framework */,
				524064831FA3BDFC00B748DB /* SwiftyJSON.framework */,
			);
			name = Frameworks;
			sourceTree = "<group>";
		};
		524064951FA3CBDA00B748DB /* TableViewCells */ = {
			isa = PBXGroup;
			children = (
				5240648E1FA3C48B00B748DB /* RestoListItemCell.swift */,
				5240649B1FA4EF0A00B748DB /* RestaurantDetailCell.swift */,
			);
			name = TableViewCells;
			sourceTree = "<group>";
		};
		524064961FA3CBE700B748DB /* Model */ = {
			isa = PBXGroup;
			children = (
				524064991FA3CC4E00B748DB /* RestaurantModel.swift */,
			);
			name = Model;
			sourceTree = "<group>";
		};
		524064971FA3CBEE00B748DB /* Controller */ = {
			isa = PBXGroup;
			children = (
				524064901FA3C55900B748DB /* RestoListViewController.swift */,
				5240649D1FA4EFEB00B748DB /* RestaurantDetailViewController.swift */,
				52E4C5C21FADAB17007641CE /* ReviewViewController.swift */,
				526FCED21FAF07200092D0FE /* MapViewController.swift */,
				526FCED41FAF1F6D0092D0FE /* AddRestaurantTableViewController.swift */,
			);
			name = Controller;
			sourceTree = "<group>";
		};
		524064981FA3CC1900B748DB /* View */ = {
			isa = PBXGroup;
			children = (
			);
			name = View;
			sourceTree = "<group>";
		};
/* End PBXGroup section */

/* Begin PBXNativeTarget section */
		524064691FA3BA7F00B748DB /* MealTime */ = {
			isa = PBXNativeTarget;
			buildConfigurationList = 5240647C1FA3BA7F00B748DB /* Build configuration list for PBXNativeTarget "MealTime" */;
			buildPhases = (
				524064661FA3BA7F00B748DB /* Sources */,
				524064671FA3BA7F00B748DB /* Frameworks */,
				524064681FA3BA7F00B748DB /* Resources */,
				5240648D1FA3BE0900B748DB /* Embed Frameworks */,
			);
			buildRules = (
			);
			dependencies = (
			);
			name = MealTime;
			productName = MealTime;
			productReference = 5240646A1FA3BA7F00B748DB /* MealTime.app */;
			productType = "com.apple.product-type.application";
		};
/* End PBXNativeTarget section */

/* Begin PBXProject section */
		524064621FA3BA7F00B748DB /* Project object */ = {
			isa = PBXProject;
			attributes = {
				LastSwiftUpdateCheck = 0830;
				LastUpgradeCheck = 0830;
				ORGANIZATIONNAME = Tigranakert;
				TargetAttributes = {
					524064691FA3BA7F00B748DB = {
						CreatedOnToolsVersion = 8.3.3;
						DevelopmentTeam = 7RFWDT5WSW;
						ProvisioningStyle = Automatic;
						SystemCapabilities = {
							com.apple.Maps.iOS = {
								enabled = 1;
							};
						};
					};
				};
			};
			buildConfigurationList = 524064651FA3BA7F00B748DB /* Build configuration list for PBXProject "MealTime" */;
			compatibilityVersion = "Xcode 3.2";
			developmentRegion = English;
			hasScannedForEncodings = 0;
			knownRegions = (
				en,
				Base,
			);
			mainGroup = 524064611FA3BA7F00B748DB;
			productRefGroup = 5240646B1FA3BA7F00B748DB /* Products */;
			projectDirPath = "";
			projectRoot = "";
			targets = (
				524064691FA3BA7F00B748DB /* MealTime */,
			);
		};
/* End PBXProject section */

/* Begin PBXResourcesBuildPhase section */
		524064681FA3BA7F00B748DB /* Resources */ = {
			isa = PBXResourcesBuildPhase;
			buildActionMask = 2147483647;
			files = (
				524064781FA3BA7F00B748DB /* LaunchScreen.storyboard in Resources */,
				524064751FA3BA7F00B748DB /* Assets.xcassets in Resources */,
				524064731FA3BA7F00B748DB /* Main.storyboard in Resources */,
			);
			runOnlyForDeploymentPostprocessing = 0;
		};
/* End PBXResourcesBuildPhase section */

/* Begin PBXSourcesBuildPhase section */
		524064661FA3BA7F00B748DB /* Sources */ = {
			isa = PBXSourcesBuildPhase;
			buildActionMask = 2147483647;
			files = (
				5240648F1FA3C48B00B748DB /* RestoListItemCell.swift in Sources */,
				526FCED51FAF1F6D0092D0FE /* AddRestaurantTableViewController.swift in Sources */,
				524064911FA3C55900B748DB /* RestoListViewController.swift in Sources */,
				52E4C5C31FADAB17007641CE /* ReviewViewController.swift in Sources */,
				5240649C1FA4EF0A00B748DB /* RestaurantDetailCell.swift in Sources */,
				5240649A1FA3CC4E00B748DB /* RestaurantModel.swift in Sources */,
				5240649E1FA4EFEB00B748DB /* RestaurantDetailViewController.swift in Sources */,
				5240646E1FA3BA7F00B748DB /* AppDelegate.swift in Sources */,
				526FCED31FAF07200092D0FE /* MapViewController.swift in Sources */,
			);
			runOnlyForDeploymentPostprocessing = 0;
		};
/* End PBXSourcesBuildPhase section */

/* Begin PBXVariantGroup section */
		524064711FA3BA7F00B748DB /* Main.storyboard */ = {
			isa = PBXVariantGroup;
			children = (
				524064721FA3BA7F00B748DB /* Base */,
			);
			name = Main.storyboard;
			path = MealTime;
			sourceTree = "<group>";
		};
		524064761FA3BA7F00B748DB /* LaunchScreen.storyboard */ = {
			isa = PBXVariantGroup;
			children = (
				524064771FA3BA7F00B748DB /* Base */,
			);
			name = LaunchScreen.storyboard;
			sourceTree = "<group>";
		};
/* End PBXVariantGroup section */

/* Begin XCBuildConfiguration section */
		5240647A1FA3BA7F00B748DB /* Debug */ = {
			isa = XCBuildConfiguration;
			buildSettings = {
				ALWAYS_SEARCH_USER_PATHS = NO;
				CLANG_ANALYZER_NONNULL = YES;
				CLANG_ANALYZER_NUMBER_OBJECT_CONVERSION = YES_AGGRESSIVE;
				CLANG_CXX_LANGUAGE_STANDARD = "gnu++0x";
				CLANG_CXX_LIBRARY = "libc++";
				CLANG_ENABLE_MODULES = YES;
				CLANG_ENABLE_OBJC_ARC = YES;
				CLANG_WARN_BOOL_CONVERSION = YES;
				CLANG_WARN_CONSTANT_CONVERSION = YES;
				CLANG_WARN_DIRECT_OBJC_ISA_USAGE = YES_ERROR;
				CLANG_WARN_DOCUMENTATION_COMMENTS = YES;
				CLANG_WARN_EMPTY_BODY = YES;
				CLANG_WARN_ENUM_CONVERSION = YES;
				CLANG_WARN_INFINITE_RECURSION = YES;
				CLANG_WARN_INT_CONVERSION = YES;
				CLANG_WARN_OBJC_ROOT_CLASS = YES_ERROR;
				CLANG_WARN_SUSPICIOUS_MOVE = YES;
				CLANG_WARN_UNREACHABLE_CODE = YES;
				CLANG_WARN__DUPLICATE_METHOD_MATCH = YES;
				"CODE_SIGN_IDENTITY[sdk=iphoneos*]" = "iPhone Developer";
				COPY_PHASE_STRIP = NO;
				DEBUG_INFORMATION_FORMAT = dwarf;
				ENABLE_STRICT_OBJC_MSGSEND = YES;
				ENABLE_TESTABILITY = YES;
				GCC_C_LANGUAGE_STANDARD = gnu99;
				GCC_DYNAMIC_NO_PIC = NO;
				GCC_NO_COMMON_BLOCKS = YES;
				GCC_OPTIMIZATION_LEVEL = 0;
				GCC_PREPROCESSOR_DEFINITIONS = (
					"DEBUG=1",
					"$(inherited)",
				);
				GCC_WARN_64_TO_32_BIT_CONVERSION = YES;
				GCC_WARN_ABOUT_RETURN_TYPE = YES_ERROR;
				GCC_WARN_UNDECLARED_SELECTOR = YES;
				GCC_WARN_UNINITIALIZED_AUTOS = YES_AGGRESSIVE;
				GCC_WARN_UNUSED_FUNCTION = YES;
				GCC_WARN_UNUSED_VARIABLE = YES;
				IPHONEOS_DEPLOYMENT_TARGET = 10.3;
				MTL_ENABLE_DEBUG_INFO = YES;
				ONLY_ACTIVE_ARCH = YES;
				SDKROOT = iphoneos;
				SWIFT_ACTIVE_COMPILATION_CONDITIONS = DEBUG;
				SWIFT_OPTIMIZATION_LEVEL = "-Onone";
			};
			name = Debug;
		};
		5240647B1FA3BA7F00B748DB /* Release */ = {
			isa = XCBuildConfiguration;
			buildSettings = {
				ALWAYS_SEARCH_USER_PATHS = NO;
				CLANG_ANALYZER_NONNULL = YES;
				CLANG_ANALYZER_NUMBER_OBJECT_CONVERSION = YES_AGGRESSIVE;
				CLANG_CXX_LANGUAGE_STANDARD = "gnu++0x";
				CLANG_CXX_LIBRARY = "libc++";
				CLANG_ENABLE_MODULES = YES;
				CLANG_ENABLE_OBJC_ARC = YES;
				CLANG_WARN_BOOL_CONVERSION = YES;
				CLANG_WARN_CONSTANT_CONVERSION = YES;
				CLANG_WARN_DIRECT_OBJC_ISA_USAGE = YES_ERROR;
				CLANG_WARN_DOCUMENTATION_COMMENTS = YES;
				CLANG_WARN_EMPTY_BODY = YES;
				CLANG_WARN_ENUM_CONVERSION = YES;
				CLANG_WARN_INFINITE_RECURSION = YES;
				CLANG_WARN_INT_CONVERSION = YES;
				CLANG_WARN_OBJC_ROOT_CLASS = YES_ERROR;
				CLANG_WARN_SUSPICIOUS_MOVE = YES;
				CLANG_WARN_UNREACHABLE_CODE = YES;
				CLANG_WARN__DUPLICATE_METHOD_MATCH = YES;
				"CODE_SIGN_IDENTITY[sdk=iphoneos*]" = "iPhone Developer";
				COPY_PHASE_STRIP = NO;
				DEBUG_INFORMATION_FORMAT = "dwarf-with-dsym";
				ENABLE_NS_ASSERTIONS = NO;
				ENABLE_STRICT_OBJC_MSGSEND = YES;
				GCC_C_LANGUAGE_STANDARD = gnu99;
				GCC_NO_COMMON_BLOCKS = YES;
				GCC_WARN_64_TO_32_BIT_CONVERSION = YES;
				GCC_WARN_ABOUT_RETURN_TYPE = YES_ERROR;
				GCC_WARN_UNDECLARED_SELECTOR = YES;
				GCC_WARN_UNINITIALIZED_AUTOS = YES_AGGRESSIVE;
				GCC_WARN_UNUSED_FUNCTION = YES;
				GCC_WARN_UNUSED_VARIABLE = YES;
				IPHONEOS_DEPLOYMENT_TARGET = 10.3;
				MTL_ENABLE_DEBUG_INFO = NO;
				SDKROOT = iphoneos;
				SWIFT_OPTIMIZATION_LEVEL = "-Owholemodule";
				VALIDATE_PRODUCT = YES;
			};
			name = Release;
		};
		5240647D1FA3BA7F00B748DB /* Debug */ = {
			isa = XCBuildConfiguration;
			buildSettings = {
				ASSETCATALOG_COMPILER_APPICON_NAME = AppIcon;
				DEVELOPMENT_TEAM = 7RFWDT5WSW;
				FRAMEWORK_SEARCH_PATHS = (
					"$(inherited)",
					"$(PROJECT_DIR)/Carthage/Build/iOS",
				);
				INFOPLIST_FILE = MealTime/Info.plist;
				LD_RUNPATH_SEARCH_PATHS = "$(inherited) @executable_path/Frameworks";
				PRODUCT_BUNDLE_IDENTIFIER = com.tigranakert.MealTime;
				PRODUCT_NAME = "$(TARGET_NAME)";
				SWIFT_VERSION = 3.0;
			};
			name = Debug;
		};
		5240647E1FA3BA7F00B748DB /* Release */ = {
			isa = XCBuildConfiguration;
			buildSettings = {
				ASSETCATALOG_COMPILER_APPICON_NAME = AppIcon;
				DEVELOPMENT_TEAM = 7RFWDT5WSW;
				FRAMEWORK_SEARCH_PATHS = (
					"$(inherited)",
					"$(PROJECT_DIR)/Carthage/Build/iOS",
				);
				INFOPLIST_FILE = MealTime/Info.plist;
				LD_RUNPATH_SEARCH_PATHS = "$(inherited) @executable_path/Frameworks";
				PRODUCT_BUNDLE_IDENTIFIER = com.tigranakert.MealTime;
				PRODUCT_NAME = "$(TARGET_NAME)";
				SWIFT_VERSION = 3.0;
			};
			name = Release;
		};
/* End XCBuildConfiguration section */

/* Begin XCConfigurationList section */
		524064651FA3BA7F00B748DB /* Build configuration list for PBXProject "MealTime" */ = {
			isa = XCConfigurationList;
			buildConfigurations = (
				5240647A1FA3BA7F00B748DB /* Debug */,
				5240647B1FA3BA7F00B748DB /* Release */,
			);
			defaultConfigurationIsVisible = 0;
			defaultConfigurationName = Release;
		};
		5240647C1FA3BA7F00B748DB /* Build configuration list for PBXNativeTarget "MealTime" */ = {
			isa = XCConfigurationList;
			buildConfigurations = (
				5240647D1FA3BA7F00B748DB /* Debug */,
				5240647E1FA3BA7F00B748DB /* Release */,
			);
			defaultConfigurationIsVisible = 0;
			defaultConfigurationName = Release;
		};
/* End XCConfigurationList section */
	};
	rootObject = 524064621FA3BA7F00B748DB /* Project object */;
}
